
Microsoft Visual Studio Solution File, Format Version 12.00
# Visual Studio 15
VisualStudioVersion = 15.0.28307.1800
MinimumVisualStudioVersion = 10.0.40219.1
Project("{FAE04EC0-301F-11D3-BF4B-00C04F79EFBC}") = "cg_docs", "cg_docs\cg_docs.csproj", "{8D0D5141-98F7-4FA3-BF57-04780E96212C}"
EndProject
Global
	GlobalSection(SolutionConfigurationPlatforms) = preSolution
		Debug|Any CPU = Debug|Any CPU
		Release|Any CPU = Release|Any CPU
	EndGlobalSection
	GlobalSection(ProjectConfigurationPlatforms) = postSolution
		{8D0D5141-98F7-4FA3-BF57-04780E96212C}.Debug|Any CPU.ActiveCfg = Debug|Any CPU
		{8D0D5141-98F7-4FA3-BF57-04780E96212C}.Debug|Any CPU.Build.0 = Debug|Any CPU
		{8D0D5141-98F7-4FA3-BF57-04780E96212C}.Release|Any CPU.ActiveCfg = Release|Any CPU
		{8D0D5141-98F7-4FA3-BF57-04780E96212C}.Release|Any CPU.Build.0 = Release|Any CPU
	EndGlobalSection
	GlobalSection(SolutionProperties) = preSolution
		HideSolutionNode = FALSE
	EndGlobalSection
	GlobalSection(ExtensibilityGlobals) = postSolution
		SolutionGuid = {CFCE289D-6EFF-4D7D-972C-00A4F19E9C52}
	EndGlobalSection
EndGlobal
